
Microsoft Visual Studio Solution File, Format Version 12.00
# Visual Studio Version 17
VisualStudioVersion = 17.0.31717.71
MinimumVisualStudioVersion = 10.0.40219.1
Project("{9A19103F-16F7-4668-BE54-9A1E7A4F7556}") = "H.ReactiveUI.CommonInteractions.Core", "src\libs\H.ReactiveUI.CommonInteractions.Core\H.ReactiveUI.CommonInteractions.Core.csproj", "{25E33381-06C1-4AC0-B875-622F01B1359A}"
EndProject
Project("{2150E333-8FDC-42A3-9474-1A3956D46DE8}") = "libs", "libs", "{A81088C2-A6AF-4CB6-8F36-DF8C0E6D45B3}"
	ProjectSection(SolutionItems) = preProject
		src\libs\Directory.Build.props = src\libs\Directory.Build.props
	EndProjectSection
EndProject
Project("{2150E333-8FDC-42A3-9474-1A3956D46DE8}") = "shared", "shared", "{2CEE2766-3A6D-4891-9416-01E4FAC0B243}"
EndProject
Project("{9A19103F-16F7-4668-BE54-9A1E7A4F7556}") = "H.ReactiveUI.CommonInteractions.Wpf", "src\libs\H.ReactiveUI.CommonInteractions.Wpf\H.ReactiveUI.CommonInteractions.Wpf.csproj", "{65786107-E646-452E-B899-EDD26D09E401}"
EndProject
Project("{2150E333-8FDC-42A3-9474-1A3956D46DE8}") = "Solution Items", "Solution Items", "{9972D12E-4770-4883-AE5D-98412271DE83}"
	ProjectSection(SolutionItems) = preProject
		.gitignore = .gitignore
		src\CLSCompliantFalse.cs = src\CLSCompliantFalse.cs
		src\Directory.Build.props = src\Directory.Build.props
		.github\workflows\dotnet.yml = .github\workflows\dotnet.yml
		global.json = global.json
		LICENSE = LICENSE
		README.md = README.md
	EndProjectSection
EndProject
Project("{9A19103F-16F7-4668-BE54-9A1E7A4F7556}") = "H.ReactiveUI.CommonInteractions.Uwp", "src\libs\H.ReactiveUI.CommonInteractions.Uwp\H.ReactiveUI.CommonInteractions.Uwp.csproj", "{16A17957-6DE3-4874-B0B6-08404C23FBBE}"
EndProject
Project("{9A19103F-16F7-4668-BE54-9A1E7A4F7556}") = "H.ReactiveUI.CommonInteractions.Uno", "src\libs\H.ReactiveUI.CommonInteractions.Uno\H.ReactiveUI.CommonInteractions.Uno.csproj", "{F5EB3A73-1D93-42F7-9757-26B486D74592}"
EndProject
Project("{2150E333-8FDC-42A3-9474-1A3956D46DE8}") = "apps", "apps", "{464A41EC-E4D1-4BC3-93BD-A48E3449A4BD}"
EndProject
Project("{9A19103F-16F7-4668-BE54-9A1E7A4F7556}") = "H.ReactiveUI.CommonInteractions.Apps.Wpf", "src\apps\H.ReactiveUI.CommonInteractions.Apps.Wpf\H.ReactiveUI.CommonInteractions.Apps.Wpf.csproj", "{8C2D2DDA-890B-4F6F-938F-9CFDF82AAC0F}"
EndProject
Project("{D954291E-2A0B-460D-934E-DC6B0785DB48}") = "H.ReactiveUI.CommonInteractions.Shared", "src\shared\H.ReactiveUI.CommonInteractions.Shared\H.ReactiveUI.CommonInteractions.Shared.shproj", "{F497B163-E46E-4EA6-9E41-BB0C25CA6272}"
EndProject
Project("{9A19103F-16F7-4668-BE54-9A1E7A4F7556}") = "H.ReactiveUI.CommonInteractions.Uno.WinUI", "src\libs\H.ReactiveUI.CommonInteractions.Uno.WinUI\H.ReactiveUI.CommonInteractions.Uno.WinUI.csproj", "{A7ED566D-2E7E-4A3C-8A91-874B4DFAB115}"
EndProject
Global
	GlobalSection(SharedMSBuildProjectFiles) = preSolution
		src\shared\H.ReactiveUI.CommonInteractions.Shared\H.ReactiveUI.CommonInteractions.Shared.projitems*{16a17957-6de3-4874-b0b6-08404c23fbbe}*SharedItemsImports = 5
		src\shared\H.ReactiveUI.CommonInteractions.Shared\H.ReactiveUI.CommonInteractions.Shared.projitems*{65786107-e646-452e-b899-edd26d09e401}*SharedItemsImports = 5
		src\shared\H.ReactiveUI.CommonInteractions.Shared\H.ReactiveUI.CommonInteractions.Shared.projitems*{a7ed566d-2e7e-4a3c-8a91-874b4dfab115}*SharedItemsImports = 5
		src\shared\H.ReactiveUI.CommonInteractions.Shared\H.ReactiveUI.CommonInteractions.Shared.projitems*{f497b163-e46e-4ea6-9e41-bb0c25ca6272}*SharedItemsImports = 13
		src\shared\H.ReactiveUI.CommonInteractions.Shared\H.ReactiveUI.CommonInteractions.Shared.projitems*{f5eb3a73-1d93-42f7-9757-26b486d74592}*SharedItemsImports = 5
	EndGlobalSection
	GlobalSection(SolutionConfigurationPlatforms) = preSolution
		Debug|Any CPU = Debug|Any CPU
		Release|Any CPU = Release|Any CPU
	EndGlobalSection
	GlobalSection(ProjectConfigurationPlatforms) = postSolution
		{25E33381-06C1-4AC0-B875-622F01B1359A}.Debug|Any CPU.ActiveCfg = Debug|Any CPU
		{25E33381-06C1-4AC0-B875-622F01B1359A}.Debug|Any CPU.Build.0 = Debug|Any CPU
		{25E33381-06C1-4AC0-B875-622F01B1359A}.Release|Any CPU.ActiveCfg = Release|Any CPU
		{25E33381-06C1-4AC0-B875-622F01B1359A}.Release|Any CPU.Build.0 = Release|Any CPU
		{65786107-E646-452E-B899-EDD26D09E401}.Debug|Any CPU.ActiveCfg = Debug|Any CPU
		{65786107-E646-452E-B899-EDD26D09E401}.Debug|Any CPU.Build.0 = Debug|Any CPU
		{65786107-E646-452E-B899-EDD26D09E401}.Release|Any CPU.ActiveCfg = Release|Any CPU
		{65786107-E646-452E-B899-EDD26D09E401}.Release|Any CPU.Build.0 = Release|Any CPU
		{16A17957-6DE3-4874-B0B6-08404C23FBBE}.Debug|Any CPU.ActiveCfg = Debug|Any CPU
		{16A17957-6DE3-4874-B0B6-08404C23FBBE}.Debug|Any CPU.Build.0 = Debug|Any CPU
		{16A17957-6DE3-4874-B0B6-08404C23FBBE}.Release|Any CPU.ActiveCfg = Release|Any CPU
		{16A17957-6DE3-4874-B0B6-08404C23FBBE}.Release|Any CPU.Build.0 = Release|Any CPU
		{F5EB3A73-1D93-42F7-9757-26B486D74592}.Debug|Any CPU.ActiveCfg = Debug|Any CPU
		{F5EB3A73-1D93-42F7-9757-26B486D74592}.Debug|Any CPU.Build.0 = Debug|Any CPU
		{F5EB3A73-1D93-42F7-9757-26B486D74592}.Release|Any CPU.ActiveCfg = Release|Any CPU
		{F5EB3A73-1D93-42F7-9757-26B486D74592}.Release|Any CPU.Build.0 = Release|Any CPU
		{8C2D2DDA-890B-4F6F-938F-9CFDF82AAC0F}.Debug|Any CPU.ActiveCfg = Debug|Any CPU
		{8C2D2DDA-890B-4F6F-938F-9CFDF82AAC0F}.Debug|Any CPU.Build.0 = Debug|Any CPU
		{8C2D2DDA-890B-4F6F-938F-9CFDF82AAC0F}.Release|Any CPU.ActiveCfg = Release|Any CPU
		{8C2D2DDA-890B-4F6F-938F-9CFDF82AAC0F}.Release|Any CPU.Build.0 = Release|Any CPU
		{A7ED566D-2E7E-4A3C-8A91-874B4DFAB115}.Debug|Any CPU.ActiveCfg = Debug|Any CPU
		{A7ED566D-2E7E-4A3C-8A91-874B4DFAB115}.Debug|Any CPU.Build.0 = Debug|Any CPU
		{A7ED566D-2E7E-4A3C-8A91-874B4DFAB115}.Release|Any CPU.ActiveCfg = Release|Any CPU
		{A7ED566D-2E7E-4A3C-8A91-874B4DFAB115}.Release|Any CPU.Build.0 = Release|Any CPU
	EndGlobalSection
	GlobalSection(SolutionProperties) = preSolution
		HideSolutionNode = FALSE
	EndGlobalSection
	GlobalSection(NestedProjects) = preSolution
		{25E33381-06C1-4AC0-B875-622F01B1359A} = {A81088C2-A6AF-4CB6-8F36-DF8C0E6D45B3}
		{65786107-E646-452E-B899-EDD26D09E401} = {A81088C2-A6AF-4CB6-8F36-DF8C0E6D45B3}
		{16A17957-6DE3-4874-B0B6-08404C23FBBE} = {A81088C2-A6AF-4CB6-8F36-DF8C0E6D45B3}
		{F5EB3A73-1D93-42F7-9757-26B486D74592} = {A81088C2-A6AF-4CB6-8F36-DF8C0E6D45B3}
		{8C2D2DDA-890B-4F6F-938F-9CFDF82AAC0F} = {464A41EC-E4D1-4BC3-93BD-A48E3449A4BD}
		{F497B163-E46E-4EA6-9E41-BB0C25CA6272} = {2CEE2766-3A6D-4891-9416-01E4FAC0B243}
		{A7ED566D-2E7E-4A3C-8A91-874B4DFAB115} = {A81088C2-A6AF-4CB6-8F36-DF8C0E6D45B3}
	EndGlobalSection
	GlobalSection(ExtensibilityGlobals) = postSolution
		SolutionGuid = {6AF160D8-AC25-4835-84D4-A42A72264F88}
	EndGlobalSection
EndGlobal
